// !$*UTF8*$!
{
	archiveVersion = 1;
	classes = {
	};
	objectVersion = 46;
	objects = {

/* Begin PBXBuildFile section */
		AC4A2A871EFD494B0072B3F8 /* main.m in Sources */ = {isa = PBXBuildFile; fileRef = AC4A2A861EFD494B0072B3F8 /* main.m */; };
		AC4A2A8A1EFD494B0072B3F8 /* AppDelegate.m in Sources */ = {isa = PBXBuildFile; fileRef = AC4A2A891EFD494B0072B3F8 /* AppDelegate.m */; };
		AC4A2A8D1EFD494B0072B3F8 /* ViewController.m in Sources */ = {isa = PBXBuildFile; fileRef = AC4A2A8C1EFD494B0072B3F8 /* ViewController.m */; };
		AC4A2A901EFD494B0072B3F8 /* Main.storyboard in Resources */ = {isa = PBXBuildFile; fileRef = AC4A2A8E1EFD494B0072B3F8 /* Main.storyboard */; };
		AC4A2A921EFD494B0072B3F8 /* Assets.xcassets in Resources */ = {isa = PBXBuildFile; fileRef = AC4A2A911EFD494B0072B3F8 /* Assets.xcassets */; };
		AC4A2A951EFD494B0072B3F8 /* LaunchScreen.storyboard in Resources */ = {isa = PBXBuildFile; fileRef = AC4A2A931EFD494B0072B3F8 /* LaunchScreen.storyboard */; };
/* End PBXBuildFile section */

/* Begin PBXFileReference section */
		AC4A2A821EFD494B0072B3F8 /* 案发前二.app */ = {isa = PBXFileReference; explicitFileType = wrapper.application; includeInIndex = 0; path = "案发前二.app"; sourceTree = BUILT_PRODUCTS_DIR; };
		AC4A2A861EFD494B0072B3F8 /* main.m */ = {isa = PBXFileReference; lastKnownFileType = sourcecode.c.objc; path = main.m; sourceTree = "<group>"; };
		AC4A2A881EFD494B0072B3F8 /* AppDelegate.h */ = {isa = PBXFileReference; lastKnownFileType = sourcecode.c.h; path = AppDelegate.h; sourceTree = "<group>"; };
		AC4A2A891EFD494B0072B3F8 /* AppDelegate.m */ = {isa = PBXFileReference; lastKnownFileType = sourcecode.c.objc; path = AppDelegate.m; sourceTree = "<group>"; };
		AC4A2A8B1EFD494B0072B3F8 /* ViewController.h */ = {isa = PBXFileReference; lastKnownFileType = sourcecode.c.h; path = ViewController.h; sourceTree = "<group>"; };
		AC4A2A8C1EFD494B0072B3F8 /* ViewController.m */ = {isa = PBXFileReference; lastKnownFileType = sourcecode.c.objc; path = ViewController.m; sourceTree = "<group>"; };
		AC4A2A8F1EFD494B0072B3F8 /* Base */ = {isa = PBXFileReference; lastKnownFileType = file.storyboard; name = Base; path = Base.lproj/Main.storyboard; sourceTree = "<group>"; };
		AC4A2A911EFD494B0072B3F8 /* Assets.xcassets */ = {isa = PBXFileReference; lastKnownFileType = folder.assetcatalog; path = Assets.xcassets; sourceTree = "<group>"; };
		AC4A2A941EFD494B0072B3F8 /* Base */ = {isa = PBXFileReference; lastKnownFileType = file.storyboard; name = Base; path = Base.lproj/LaunchScreen.storyboard; sourceTree = "<group>"; };
		AC4A2A961EFD494B0072B3F8 /* Info.plist */ = {isa = PBXFileReference; lastKnownFileType = text.plist.xml; path = Info.plist; sourceTree = "<group>"; };
/* End PBXFileReference section */

/* Begin PBXFrameworksBuildPhase section */
		AC4A2A7F1EFD494B0072B3F8 /* Frameworks */ = {
			isa = PBXFrameworksBuildPhase;
			buildActionMask = 2147483647;
			files = (
			);
			runOnlyForDeploymentPostprocessing = 0;
		};
/* End PBXFrameworksBuildPhase section */

/* Begin PBXGroup section */
		AC4A2A791EFD494B0072B3F8 = {
			isa = PBXGroup;
			children = (
				AC4A2A841EFD494B0072B3F8 /* 案发前二 */,
				AC4A2A831EFD494B0072B3F8 /* Products */,
			);
			sourceTree = "<group>";
		};
		AC4A2A831EFD494B0072B3F8 /* Products */ = {
			isa = PBXGroup;
			children = (
				AC4A2A821EFD494B0072B3F8 /* 案发前二.app */,
			);
			name = Products;
			sourceTree = "<group>";
		};
		AC4A2A841EFD494B0072B3F8 /* 案发前二 */ = {
			isa = PBXGroup;
			children = (
				AC4A2A881EFD494B0072B3F8 /* AppDelegate.h */,
				AC4A2A891EFD494B0072B3F8 /* AppDelegate.m */,
				AC4A2A8B1EFD494B0072B3F8 /* ViewController.h */,
				AC4A2A8C1EFD494B0072B3F8 /* ViewController.m */,
				AC4A2A8E1EFD494B0072B3F8 /* Main.storyboard */,
				AC4A2A911EFD494B0072B3F8 /* Assets.xcassets */,
				AC4A2A931EFD494B0072B3F8 /* LaunchScreen.storyboard */,
				AC4A2A961EFD494B0072B3F8 /* Info.plist */,
				AC4A2A851EFD494B0072B3F8 /* Supporting Files */,
			);
			path = "案发前二";
			sourceTree = "<group>";
		};
		AC4A2A851EFD494B0072B3F8 /* Supporting Files */ = {
			isa = PBXGroup;
			children = (
				AC4A2A861EFD494B0072B3F8 /* main.m */,
			);
			name = "Supporting Files";
			sourceTree = "<group>";
		};
/* End PBXGroup section */

/* Begin PBXNativeTarget section */
		AC4A2A811EFD494B0072B3F8 /* 案发前二 */ = {
			isa = PBXNativeTarget;
			buildConfigurationList = AC4A2A991EFD494B0072B3F8 /* Build configuration list for PBXNativeTarget "案发前二" */;
			buildPhases = (
				AC4A2A7E1EFD494B0072B3F8 /* Sources */,
				AC4A2A7F1EFD494B0072B3F8 /* Frameworks */,
				AC4A2A801EFD494B0072B3F8 /* Resources */,
			);
			buildRules = (
			);
			dependencies = (
			);
			name = "案发前二";
			productName = "案发前二";
			productReference = AC4A2A821EFD494B0072B3F8 /* 案发前二.app */;
			productType = "com.apple.product-type.application";
		};
/* End PBXNativeTarget section */

/* Begin PBXProject section */
		AC4A2A7A1EFD494B0072B3F8 /* Project object */ = {
			isa = PBXProject;
			attributes = {
				LastUpgradeCheck = 0830;
				ORGANIZATIONNAME = mei;
				TargetAttributes = {
					AC4A2A811EFD494B0072B3F8 = {
						CreatedOnToolsVersion = 8.3.3;
						ProvisioningStyle = Automatic;
					};
				};
			};
			buildConfigurationList = AC4A2A7D1EFD494B0072B3F8 /* Build configuration list for PBXProject "案发前二" */;
			compatibilityVersion = "Xcode 3.2";
			developmentRegion = English;
			hasScannedForEncodings = 0;
			knownRegions = (
				en,
				Base,
			);
			mainGroup = AC4A2A791EFD494B0072B3F8;
			productRefGroup = AC4A2A831EFD494B0072B3F8 /* Products */;
			projectDirPath = "";
			projectRoot = "";
			targets = (
				AC4A2A811EFD494B0072B3F8 /* 案发前二 */,
			);
		};
/* End PBXProject section */

/* Begin PBXResourcesBuildPhase section */
		AC4A2A801EFD494B0072B3F8 /* Resources */ = {
			isa = PBXResourcesBuildPhase;
			buildActionMask = 2147483647;
			files = (
				AC4A2A951EFD494B0072B3F8 /* LaunchScreen.storyboard in Resources */,
				AC4A2A921EFD494B0072B3F8 /* Assets.xcassets in Resources */,
				AC4A2A901EFD494B0072B3F8 /* Main.storyboard in Resources */,
			);
			runOnlyForDeploymentPostprocessing = 0;
		};
/* End PBXResourcesBuildPhase section */

/* Begin PBXSourcesBuildPhase section */
		AC4A2A7E1EFD494B0072B3F8 /* Sources */ = {
			isa = PBXSourcesBuildPhase;
			buildActionMask = 2147483647;
			files = (
				AC4A2A8D1EFD494B0072B3F8 /* ViewController.m in Sources */,
				AC4A2A8A1EFD494B0072B3F8 /* AppDelegate.m in Sources */,
				AC4A2A871EFD494B0072B3F8 /* main.m in Sources */,
			);
			runOnlyForDeploymentPostprocessing = 0;
		};
/* End PBXSourcesBuildPhase section */

/* Begin PBXVariantGroup section */
		AC4A2A8E1EFD494B0072B3F8 /* Main.storyboard */ = {
			isa = PBXVariantGroup;
			children = (
				AC4A2A8F1EFD494B0072B3F8 /* Base */,
			);
			name = Main.storyboard;
			sourceTree = "<group>";
		};
		AC4A2A931EFD494B0072B3F8 /* LaunchScreen.storyboard */ = {
			isa = PBXVariantGroup;
			children = (
				AC4A2A941EFD494B0072B3F8 /* Base */,
			);
			name = LaunchScreen.storyboard;
			sourceTree = "<group>";
		};
/* End PBXVariantGroup section */

/* Begin XCBuildConfiguration section */
		AC4A2A971EFD494B0072B3F8 /* Debug */ = {
			isa = XCBuildConfiguration;
			buildSettings = {
				ALWAYS_SEARCH_USER_PATHS = NO;
				CLANG_ANALYZER_NONNULL = YES;
				CLANG_ANALYZER_NUMBER_OBJECT_CONVERSION = YES_AGGRESSIVE;
				CLANG_CXX_LANGUAGE_STANDARD = "gnu++0x";
				CLANG_CXX_LIBRARY = "libc++";
				CLANG_ENABLE_MODULES = YES;
				CLANG_ENABLE_OBJC_ARC = YES;
				CLANG_WARN_BOOL_CONVERSION = YES;
				CLANG_WARN_CONSTANT_CONVERSION = YES;
				CLANG_WARN_DIRECT_OBJC_ISA_USAGE = YES_ERROR;
				CLANG_WARN_DOCUMENTATION_COMMENTS = YES;
				CLANG_WARN_EMPTY_BODY = YES;
				CLANG_WARN_ENUM_CONVERSION = YES;
				CLANG_WARN_INFINITE_RECURSION = YES;
				CLANG_WARN_INT_CONVERSION = YES;
				CLANG_WARN_OBJC_ROOT_CLASS = YES_ERROR;
				CLANG_WARN_SUSPICIOUS_MOVE = YES;
				CLANG_WARN_UNREACHABLE_CODE = YES;
				CLANG_WARN__DUPLICATE_METHOD_MATCH = YES;
				"CODE_SIGN_IDENTITY[sdk=iphoneos*]" = "iPhone Developer";
				COPY_PHASE_STRIP = NO;
				DEBUG_INFORMATION_FORMAT = dwarf;
				ENABLE_STRICT_OBJC_MSGSEND = YES;
				ENABLE_TESTABILITY = YES;
				GCC_C_LANGUAGE_STANDARD = gnu99;
				GCC_DYNAMIC_NO_PIC = NO;
				GCC_NO_COMMON_BLOCKS = YES;
				GCC_OPTIMIZATION_LEVEL = 0;
				GCC_PREPROCESSOR_DEFINITIONS = (
					"DEBUG=1",
					"$(inherited)",
				);
				GCC_WARN_64_TO_32_BIT_CONVERSION = YES;
				GCC_WARN_ABOUT_RETURN_TYPE = YES_ERROR;
				GCC_WARN_UNDECLARED_SELECTOR = YES;
				GCC_WARN_UNINITIALIZED_AUTOS = YES_AGGRESSIVE;
				GCC_WARN_UNUSED_FUNCTION = YES;
				GCC_WARN_UNUSED_VARIABLE = YES;
				IPHONEOS_DEPLOYMENT_TARGET = 10.3;
				MTL_ENABLE_DEBUG_INFO = YES;
				ONLY_ACTIVE_ARCH = YES;
				SDKROOT = iphoneos;
			};
			name = Debug;
		};
		AC4A2A981EFD494B0072B3F8 /* Release */ = {
			isa = XCBuildConfiguration;
			buildSettings = {
				ALWAYS_SEARCH_USER_PATHS = NO;
				CLANG_ANALYZER_NONNULL = YES;
				CLANG_ANALYZER_NUMBER_OBJECT_CONVERSION = YES_AGGRESSIVE;
				CLANG_CXX_LANGUAGE_STANDARD = "gnu++0x";
				CLANG_CXX_LIBRARY = "libc++";
				CLANG_ENABLE_MODULES = YES;
				CLANG_ENABLE_OBJC_ARC = YES;
				CLANG_WARN_BOOL_CONVERSION = YES;
				CLANG_WARN_CONSTANT_CONVERSION = YES;
				CLANG_WARN_DIRECT_OBJC_ISA_USAGE = YES_ERROR;
				CLANG_WARN_DOCUMENTATION_COMMENTS = YES;
				CLANG_WARN_EMPTY_BODY = YES;
				CLANG_WARN_ENUM_CONVERSION = YES;
				CLANG_WARN_INFINITE_RECURSION = YES;
				CLANG_WARN_INT_CONVERSION = YES;
				CLANG_WARN_OBJC_ROOT_CLASS = YES_ERROR;
				CLANG_WARN_SUSPICIOUS_MOVE = YES;
				CLANG_WARN_UNREACHABLE_CODE = YES;
				CLANG_WARN__DUPLICATE_METHOD_MATCH = YES;
				"CODE_SIGN_IDENTITY[sdk=iphoneos*]" = "iPhone Developer";
				COPY_PHASE_STRIP = NO;
				DEBUG_INFORMATION_FORMAT = "dwarf-with-dsym";
				ENABLE_NS_ASSERTIONS = NO;
				ENABLE_STRICT_OBJC_MSGSEND = YES;
				GCC_C_LANGUAGE_STANDARD = gnu99;
				GCC_NO_COMMON_BLOCKS = YES;
				GCC_WARN_64_TO_32_BIT_CONVERSION = YES;
				GCC_WARN_ABOUT_RETURN_TYPE = YES_ERROR;
				GCC_WARN_UNDECLARED_SELECTOR = YES;
				GCC_WARN_UNINITIALIZED_AUTOS = YES_AGGRESSIVE;
				GCC_WARN_UNUSED_FUNCTION = YES;
				GCC_WARN_UNUSED_VARIABLE = YES;
				IPHONEOS_DEPLOYMENT_TARGET = 10.3;
				MTL_ENABLE_DEBUG_INFO = NO;
				SDKROOT = iphoneos;
				VALIDATE_PRODUCT = YES;
			};
			name = Release;
		};
		AC4A2A9A1EFD494B0072B3F8 /* Debug */ = {
			isa = XCBuildConfiguration;
			buildSettings = {
				ASSETCATALOG_COMPILER_APPICON_NAME = AppIcon;
				INFOPLIST_FILE = "案发前二/Info.plist";
				LD_RUNPATH_SEARCH_PATHS = "$(inherited) @executable_path/Frameworks";
				PRODUCT_BUNDLE_IDENTIFIER = "com.mycompany.----";
				PRODUCT_NAME = "$(TARGET_NAME)";
			};
			name = Debug;
		};
		AC4A2A9B1EFD494B0072B3F8 /* Release */ = {
			isa = XCBuildConfiguration;
			buildSettings = {
				ASSETCATALOG_COMPILER_APPICON_NAME = AppIcon;
				INFOPLIST_FILE = "案发前二/Info.plist";
				LD_RUNPATH_SEARCH_PATHS = "$(inherited) @executable_path/Frameworks";
				PRODUCT_BUNDLE_IDENTIFIER = "com.mycompany.----";
				PRODUCT_NAME = "$(TARGET_NAME)";
			};
			name = Release;
		};
/* End XCBuildConfiguration section */

/* Begin XCConfigurationList section */
		AC4A2A7D1EFD494B0072B3F8 /* Build configuration list for PBXProject "案发前二" */ = {
			isa = XCConfigurationList;
			buildConfigurations = (
				AC4A2A971EFD494B0072B3F8 /* Debug */,
				AC4A2A981EFD494B0072B3F8 /* Release */,
			);
			defaultConfigurationIsVisible = 0;
			defaultConfigurationName = Release;
		};
		AC4A2A991EFD494B0072B3F8 /* Build configuration list for PBXNativeTarget "案发前二" */ = {
			isa = XCConfigurationList;
			buildConfigurations = (
				AC4A2A9A1EFD494B0072B3F8 /* Debug */,
				AC4A2A9B1EFD494B0072B3F8 /* Release */,
			);
			defaultConfigurationIsVisible = 0;
		};
/* End XCConfigurationList section */
	};
	rootObject = AC4A2A7A1EFD494B0072B3F8 /* Project object */;
}
